
Microsoft Visual Studio Solution File, Format Version 12.00
# Visual Studio Version 16
VisualStudioVersion = 16.0.31005.135
MinimumVisualStudioVersion = 10.0.40219.1
Project("{9A19103F-16F7-4668-BE54-9A1E7A4F7556}") = "BlogSolutionSystem.Entities", "BlogSolutionSystem.Entities\BlogSolutionSystem.Entities.csproj", "{07B3DB4D-D552-4691-951D-59409B309ACF}"
EndProject
Project("{9A19103F-16F7-4668-BE54-9A1E7A4F7556}") = "BlogSolutionSystem.Data", "BlogSolutionSystem.Data\BlogSolutionSystem.Data.csproj", "{942D3D89-293A-4974-A15C-7ABC749F457C}"
EndProject
Project("{9A19103F-16F7-4668-BE54-9A1E7A4F7556}") = "BlogSolutionSystem.Business", "BlogSolutionSystem.Business\BlogSolutionSystem.Business.csproj", "{93BC4258-29F9-440F-A3AD-94DF4C5D731F}"
EndProject
Project("{FAE04EC0-301F-11D3-BF4B-00C04F79EFBC}") = "BlogSolutionSystem.Core", "BlogSolutionSystem.Core\BlogSolutionSystem.Core.csproj", "{97F99C87-2B30-4373-8EFA-0C142A34EC24}"
EndProject
Project("{FAE04EC0-301F-11D3-BF4B-00C04F79EFBC}") = "BlogSolutionSystem.UI", "BlogSolutionSystem.UI\BlogSolutionSystem.UI.csproj", "{059D482E-F0A0-45F0-BDA8-701E5C4A05B6}"
EndProject
Global
	GlobalSection(SolutionConfigurationPlatforms) = preSolution
		Debug|Any CPU = Debug|Any CPU
		Release|Any CPU = Release|Any CPU
	EndGlobalSection
	GlobalSection(ProjectConfigurationPlatforms) = postSolution
		{07B3DB4D-D552-4691-951D-59409B309ACF}.Debug|Any CPU.ActiveCfg = Debug|Any CPU
		{07B3DB4D-D552-4691-951D-59409B309ACF}.Debug|Any CPU.Build.0 = Debug|Any CPU
		{07B3DB4D-D552-4691-951D-59409B309ACF}.Release|Any CPU.ActiveCfg = Release|Any CPU
		{07B3DB4D-D552-4691-951D-59409B309ACF}.Release|Any CPU.Build.0 = Release|Any CPU
		{942D3D89-293A-4974-A15C-7ABC749F457C}.Debug|Any CPU.ActiveCfg = Debug|Any CPU
		{942D3D89-293A-4974-A15C-7ABC749F457C}.Debug|Any CPU.Build.0 = Debug|Any CPU
		{942D3D89-293A-4974-A15C-7ABC749F457C}.Release|Any CPU.ActiveCfg = Release|Any CPU
		{942D3D89-293A-4974-A15C-7ABC749F457C}.Release|Any CPU.Build.0 = Release|Any CPU
		{93BC4258-29F9-440F-A3AD-94DF4C5D731F}.Debug|Any CPU.ActiveCfg = Debug|Any CPU
		{93BC4258-29F9-440F-A3AD-94DF4C5D731F}.Debug|Any CPU.Build.0 = Debug|Any CPU
		{93BC4258-29F9-440F-A3AD-94DF4C5D731F}.Release|Any CPU.ActiveCfg = Release|Any CPU
		{93BC4258-29F9-440F-A3AD-94DF4C5D731F}.Release|Any CPU.Build.0 = Release|Any CPU
		{97F99C87-2B30-4373-8EFA-0C142A34EC24}.Debug|Any CPU.ActiveCfg = Debug|Any CPU
		{97F99C87-2B30-4373-8EFA-0C142A34EC24}.Debug|Any CPU.Build.0 = Debug|Any CPU
		{97F99C87-2B30-4373-8EFA-0C142A34EC24}.Release|Any CPU.ActiveCfg = Release|Any CPU
		{97F99C87-2B30-4373-8EFA-0C142A34EC24}.Release|Any CPU.Build.0 = Release|Any CPU
		{059D482E-F0A0-45F0-BDA8-701E5C4A05B6}.Debug|Any CPU.ActiveCfg = Debug|Any CPU
		{059D482E-F0A0-45F0-BDA8-701E5C4A05B6}.Debug|Any CPU.Build.0 = Debug|Any CPU
		{059D482E-F0A0-45F0-BDA8-701E5C4A05B6}.Release|Any CPU.ActiveCfg = Release|Any CPU
		{059D482E-F0A0-45F0-BDA8-701E5C4A05B6}.Release|Any CPU.Build.0 = Release|Any CPU
	EndGlobalSection
	GlobalSection(SolutionProperties) = preSolution
		HideSolutionNode = FALSE
	EndGlobalSection
	GlobalSection(ExtensibilityGlobals) = postSolution
		SolutionGuid = {CA4EB670-9F5F-45DB-88F7-410BCA9FF511}
	EndGlobalSection
EndGlobal
